
Microsoft Visual Studio Solution File, Format Version 12.00
# Visual Studio Version 16
VisualStudioVersion = 16.0.30804.86
MinimumVisualStudioVersion = 10.0.40219.1
Project("{FAE04EC0-301F-11D3-BF4B-00C04F79EFBC}") = "CSharpProfessional", "CSharpProfessional\CSharpProfessional.csproj", "{6D8A29D3-AA4F-4AED-AFCE-917F5976A964}"
EndProject
Project("{FAE04EC0-301F-11D3-BF4B-00C04F79EFBC}") = "CSharpBasic", "CSharpBasic\CSharpBasic.csproj", "{C04CAB17-C3E1-4B9A-AFE3-CD90221B7F4D}"
EndProject
Project("{FAE04EC0-301F-11D3-BF4B-00C04F79EFBC}") = "DesignPatterns", "DesignPatterns\DesignPatterns.csproj", "{D7C06D94-8F11-41D2-855F-DEFE49E826FF}"
EndProject
Project("{FAE04EC0-301F-11D3-BF4B-00C04F79EFBC}") = "Test", "Test\Test.csproj", "{6027C828-707F-45AB-98E2-9DF1FC6B7B61}"
EndProject
Project("{FAE04EC0-301F-11D3-BF4B-00C04F79EFBC}") = "Delegate", "Delegate\Delegate.csproj", "{C281DE20-F787-448B-A4C4-44FD8B7F1AF6}"
EndProject
Project("{FAE04EC0-301F-11D3-BF4B-00C04F79EFBC}") = "UML", "UML\UML.csproj", "{10B1A82D-CB06-4FA0-BF9B-75965C4F9E38}"
EndProject
Project("{FAE04EC0-301F-11D3-BF4B-00C04F79EFBC}") = "Script", "Script\Script.csproj", "{2D2E2BA9-417C-48DA-9FF1-FF0291E7D459}"
EndProject
Project("{FAE04EC0-301F-11D3-BF4B-00C04F79EFBC}") = "ConsoleApplication1", "ConsoleApplication1\ConsoleApplication1.csproj", "{478D840B-3891-4CEA-9BE7-95E1877D990D}"
EndProject
Project("{FAE04EC0-301F-11D3-BF4B-00C04F79EFBC}") = "ConsoleApp1", "ConsoleApp1\ConsoleApp1.csproj", "{C801F727-F8DE-44DD-B4ED-A9D7C036300F}"
EndProject
Global
	GlobalSection(SolutionConfigurationPlatforms) = preSolution
		Debug|Any CPU = Debug|Any CPU
		Release|Any CPU = Release|Any CPU
	EndGlobalSection
	GlobalSection(ProjectConfigurationPlatforms) = postSolution
		{6D8A29D3-AA4F-4AED-AFCE-917F5976A964}.Debug|Any CPU.ActiveCfg = Debug|Any CPU
		{6D8A29D3-AA4F-4AED-AFCE-917F5976A964}.Debug|Any CPU.Build.0 = Debug|Any CPU
		{6D8A29D3-AA4F-4AED-AFCE-917F5976A964}.Release|Any CPU.ActiveCfg = Release|Any CPU
		{6D8A29D3-AA4F-4AED-AFCE-917F5976A964}.Release|Any CPU.Build.0 = Release|Any CPU
		{C04CAB17-C3E1-4B9A-AFE3-CD90221B7F4D}.Debug|Any CPU.ActiveCfg = Debug|Any CPU
		{C04CAB17-C3E1-4B9A-AFE3-CD90221B7F4D}.Debug|Any CPU.Build.0 = Debug|Any CPU
		{C04CAB17-C3E1-4B9A-AFE3-CD90221B7F4D}.Release|Any CPU.ActiveCfg = Release|Any CPU
		{C04CAB17-C3E1-4B9A-AFE3-CD90221B7F4D}.Release|Any CPU.Build.0 = Release|Any CPU
		{D7C06D94-8F11-41D2-855F-DEFE49E826FF}.Debug|Any CPU.ActiveCfg = Debug|Any CPU
		{D7C06D94-8F11-41D2-855F-DEFE49E826FF}.Debug|Any CPU.Build.0 = Debug|Any CPU
		{D7C06D94-8F11-41D2-855F-DEFE49E826FF}.Release|Any CPU.ActiveCfg = Release|Any CPU
		{D7C06D94-8F11-41D2-855F-DEFE49E826FF}.Release|Any CPU.Build.0 = Release|Any CPU
		{6027C828-707F-45AB-98E2-9DF1FC6B7B61}.Debug|Any CPU.ActiveCfg = Debug|Any CPU
		{6027C828-707F-45AB-98E2-9DF1FC6B7B61}.Debug|Any CPU.Build.0 = Debug|Any CPU
		{6027C828-707F-45AB-98E2-9DF1FC6B7B61}.Release|Any CPU.ActiveCfg = Release|Any CPU
		{6027C828-707F-45AB-98E2-9DF1FC6B7B61}.Release|Any CPU.Build.0 = Release|Any CPU
		{C281DE20-F787-448B-A4C4-44FD8B7F1AF6}.Debug|Any CPU.ActiveCfg = Debug|Any CPU
		{C281DE20-F787-448B-A4C4-44FD8B7F1AF6}.Debug|Any CPU.Build.0 = Debug|Any CPU
		{C281DE20-F787-448B-A4C4-44FD8B7F1AF6}.Release|Any CPU.ActiveCfg = Release|Any CPU
		{C281DE20-F787-448B-A4C4-44FD8B7F1AF6}.Release|Any CPU.Build.0 = Release|Any CPU
		{10B1A82D-CB06-4FA0-BF9B-75965C4F9E38}.Debug|Any CPU.ActiveCfg = Debug|Any CPU
		{10B1A82D-CB06-4FA0-BF9B-75965C4F9E38}.Debug|Any CPU.Build.0 = Debug|Any CPU
		{10B1A82D-CB06-4FA0-BF9B-75965C4F9E38}.Release|Any CPU.ActiveCfg = Release|Any CPU
		{10B1A82D-CB06-4FA0-BF9B-75965C4F9E38}.Release|Any CPU.Build.0 = Release|Any CPU
		{2D2E2BA9-417C-48DA-9FF1-FF0291E7D459}.Debug|Any CPU.ActiveCfg = Debug|Any CPU
		{2D2E2BA9-417C-48DA-9FF1-FF0291E7D459}.Debug|Any CPU.Build.0 = Debug|Any CPU
		{2D2E2BA9-417C-48DA-9FF1-FF0291E7D459}.Release|Any CPU.ActiveCfg = Release|Any CPU
		{2D2E2BA9-417C-48DA-9FF1-FF0291E7D459}.Release|Any CPU.Build.0 = Release|Any CPU
		{478D840B-3891-4CEA-9BE7-95E1877D990D}.Debug|Any CPU.ActiveCfg = Debug|Any CPU
		{478D840B-3891-4CEA-9BE7-95E1877D990D}.Debug|Any CPU.Build.0 = Debug|Any CPU
		{478D840B-3891-4CEA-9BE7-95E1877D990D}.Release|Any CPU.ActiveCfg = Release|Any CPU
		{478D840B-3891-4CEA-9BE7-95E1877D990D}.Release|Any CPU.Build.0 = Release|Any CPU
		{C801F727-F8DE-44DD-B4ED-A9D7C036300F}.Debug|Any CPU.ActiveCfg = Debug|Any CPU
		{C801F727-F8DE-44DD-B4ED-A9D7C036300F}.Debug|Any CPU.Build.0 = Debug|Any CPU
		{C801F727-F8DE-44DD-B4ED-A9D7C036300F}.Release|Any CPU.ActiveCfg = Release|Any CPU
		{C801F727-F8DE-44DD-B4ED-A9D7C036300F}.Release|Any CPU.Build.0 = Release|Any CPU
	EndGlobalSection
	GlobalSection(SolutionProperties) = preSolution
		HideSolutionNode = FALSE
	EndGlobalSection
	GlobalSection(ExtensibilityGlobals) = postSolution
		SolutionGuid = {4541F179-6FBC-4BBA-AD95-8A48829BE1DF}
	EndGlobalSection
EndGlobal
